
Microsoft Visual Studio Solution File, Format Version 12.00
# Visual Studio Version 17
VisualStudioVersion = 17.14.36310.24
MinimumVisualStudioVersion = 10.0.40219.1
Project("{FAE04EC0-301F-11D3-BF4B-00C04F79EFBC}") = "PaymentGatewayApi", "PaymentGatewayApi\PaymentGatewayApi.csproj", "{0C4ECEA6-FE47-4A9E-8AC7-C4B524596048}"
EndProject
Project("{2150E333-8FDC-42A3-9474-1A3956D46DE8}") = "Solution Items", "Solution Items", "{309A31E1-2655-44BD-82BB-F45EE1BC46F0}"
	ProjectSection(SolutionItems) = preProject
		compose.yaml = compose.yaml
	EndProjectSection
EndProject
Project("{FAE04EC0-301F-11D3-BF4B-00C04F79EFBC}") = "PaymentGateway.Common", "..\..\common\PaymentGateway.Common\PaymentGateway.Common.csproj", "{FC3A29B0-CAEA-1663-04A7-06EA08202105}"
EndProject
Project("{FAE04EC0-301F-11D3-BF4B-00C04F79EFBC}") = "PaymentGatewayWork", "..\..\work\PaymentGatewayWork\PaymentGatewayWork.csproj", "{BEB1D5D7-3A93-C0BC-CAC4-BD31A6E174F1}"
EndProject
Global
	GlobalSection(SolutionConfigurationPlatforms) = preSolution
		Debug|Any CPU = Debug|Any CPU
		Release|Any CPU = Release|Any CPU
	EndGlobalSection
	GlobalSection(ProjectConfigurationPlatforms) = postSolution
		{0C4ECEA6-FE47-4A9E-8AC7-C4B524596048}.Debug|Any CPU.ActiveCfg = Debug|Any CPU
		{0C4ECEA6-FE47-4A9E-8AC7-C4B524596048}.Debug|Any CPU.Build.0 = Debug|Any CPU
		{0C4ECEA6-FE47-4A9E-8AC7-C4B524596048}.Release|Any CPU.ActiveCfg = Release|Any CPU
		{0C4ECEA6-FE47-4A9E-8AC7-C4B524596048}.Release|Any CPU.Build.0 = Release|Any CPU
		{FC3A29B0-CAEA-1663-04A7-06EA08202105}.Debug|Any CPU.ActiveCfg = Debug|Any CPU
		{FC3A29B0-CAEA-1663-04A7-06EA08202105}.Debug|Any CPU.Build.0 = Debug|Any CPU
		{FC3A29B0-CAEA-1663-04A7-06EA08202105}.Release|Any CPU.ActiveCfg = Release|Any CPU
		{FC3A29B0-CAEA-1663-04A7-06EA08202105}.Release|Any CPU.Build.0 = Release|Any CPU
		{BEB1D5D7-3A93-C0BC-CAC4-BD31A6E174F1}.Debug|Any CPU.ActiveCfg = Debug|Any CPU
		{BEB1D5D7-3A93-C0BC-CAC4-BD31A6E174F1}.Debug|Any CPU.Build.0 = Debug|Any CPU
		{BEB1D5D7-3A93-C0BC-CAC4-BD31A6E174F1}.Release|Any CPU.ActiveCfg = Release|Any CPU
		{BEB1D5D7-3A93-C0BC-CAC4-BD31A6E174F1}.Release|Any CPU.Build.0 = Release|Any CPU
	EndGlobalSection
	GlobalSection(SolutionProperties) = preSolution
		HideSolutionNode = FALSE
	EndGlobalSection
	GlobalSection(ExtensibilityGlobals) = postSolution
		SolutionGuid = {EAA00A54-AAFD-4800-B435-673F4DC8DF61}
	EndGlobalSection
EndGlobal
