
Microsoft Visual Studio Solution File, Format Version 12.00
# Visual Studio Version 17
VisualStudioVersion = 17.14.36310.24
MinimumVisualStudioVersion = 10.0.40219.1
Project("{2150E333-8FDC-42A3-9474-1A3956D46DE8}") = "Solution Items", "Solution Items", "{309A31E1-2655-44BD-82BB-F45EE1BC46F0}"
EndProject
Project("{FAE04EC0-301F-11D3-BF4B-00C04F79EFBC}") = "PaymentGateway.Common", "common\PaymentGateway.Common\PaymentGateway.Common.csproj", "{09CA3855-0256-7B57-C29A-7C268A1BB7EE}"
EndProject
Project("{FAE04EC0-301F-11D3-BF4B-00C04F79EFBC}") = "PaymentGatewayApi", "api\PaymentGatewayApi\PaymentGatewayApi.csproj", "{D15BAAA7-1007-03F0-6E4C-7E6E9416C785}"
EndProject
Project("{FAE04EC0-301F-11D3-BF4B-00C04F79EFBC}") = "PaymentGatewayWork", "work\PaymentGatewayWork\PaymentGatewayWork.csproj", "{54637690-9850-9696-E79F-86F5C8BAA81A}"
EndProject
Global
	GlobalSection(SolutionConfigurationPlatforms) = preSolution
		Debug|Any CPU = Debug|Any CPU
		Release|Any CPU = Release|Any CPU
	EndGlobalSection
	GlobalSection(ProjectConfigurationPlatforms) = postSolution
		{09CA3855-0256-7B57-C29A-7C268A1BB7EE}.Debug|Any CPU.ActiveCfg = Debug|Any CPU
		{09CA3855-0256-7B57-C29A-7C268A1BB7EE}.Debug|Any CPU.Build.0 = Debug|Any CPU
		{09CA3855-0256-7B57-C29A-7C268A1BB7EE}.Release|Any CPU.ActiveCfg = Release|Any CPU
		{09CA3855-0256-7B57-C29A-7C268A1BB7EE}.Release|Any CPU.Build.0 = Release|Any CPU
		{D15BAAA7-1007-03F0-6E4C-7E6E9416C785}.Debug|Any CPU.ActiveCfg = Debug|Any CPU
		{D15BAAA7-1007-03F0-6E4C-7E6E9416C785}.Debug|Any CPU.Build.0 = Debug|Any CPU
		{D15BAAA7-1007-03F0-6E4C-7E6E9416C785}.Release|Any CPU.ActiveCfg = Release|Any CPU
		{D15BAAA7-1007-03F0-6E4C-7E6E9416C785}.Release|Any CPU.Build.0 = Release|Any CPU
		{54637690-9850-9696-E79F-86F5C8BAA81A}.Debug|Any CPU.ActiveCfg = Debug|Any CPU
		{54637690-9850-9696-E79F-86F5C8BAA81A}.Debug|Any CPU.Build.0 = Debug|Any CPU
		{54637690-9850-9696-E79F-86F5C8BAA81A}.Release|Any CPU.ActiveCfg = Release|Any CPU
		{54637690-9850-9696-E79F-86F5C8BAA81A}.Release|Any CPU.Build.0 = Release|Any CPU
	EndGlobalSection
	GlobalSection(SolutionProperties) = preSolution
		HideSolutionNode = FALSE
	EndGlobalSection
	GlobalSection(ExtensibilityGlobals) = postSolution
		SolutionGuid = {EAA00A54-AAFD-4800-B435-673F4DC8DF61}
	EndGlobalSection
EndGlobal
